
Microsoft Visual Studio Solution File, Format Version 12.00
# Visual Studio Version 17
VisualStudioVersion = 17.11.35303.130
MinimumVisualStudioVersion = 10.0.40219.1
Project("{FAE04EC0-301F-11D3-BF4B-00C04F79EFBC}") = "SVRepository", "SVRepository\SVRepository.csproj", "{C4DA915C-75F3-4AF2-9DCD-587FB2C0A62A}"
EndProject
Project("{FAE04EC0-301F-11D3-BF4B-00C04F79EFBC}") = "SVServices", "SVServices\SVServices.csproj", "{7E979268-9B39-4CE5-A873-0F958E4C8F30}"
EndProject
Project("{FAE04EC0-301F-11D3-BF4B-00C04F79EFBC}") = "VSPresentation", "VSPresentation\VSPresentation.csproj", "{3D9AA006-225D-4189-8EE1-C0D0E5889745}"
EndProject
Global
	GlobalSection(SolutionConfigurationPlatforms) = preSolution
		Debug|Any CPU = Debug|Any CPU
		Release|Any CPU = Release|Any CPU
	EndGlobalSection
	GlobalSection(ProjectConfigurationPlatforms) = postSolution
		{C4DA915C-75F3-4AF2-9DCD-587FB2C0A62A}.Debug|Any CPU.ActiveCfg = Debug|Any CPU
		{C4DA915C-75F3-4AF2-9DCD-587FB2C0A62A}.Debug|Any CPU.Build.0 = Debug|Any CPU
		{C4DA915C-75F3-4AF2-9DCD-587FB2C0A62A}.Release|Any CPU.ActiveCfg = Release|Any CPU
		{C4DA915C-75F3-4AF2-9DCD-587FB2C0A62A}.Release|Any CPU.Build.0 = Release|Any CPU
		{7E979268-9B39-4CE5-A873-0F958E4C8F30}.Debug|Any CPU.ActiveCfg = Debug|Any CPU
		{7E979268-9B39-4CE5-A873-0F958E4C8F30}.Debug|Any CPU.Build.0 = Debug|Any CPU
		{7E979268-9B39-4CE5-A873-0F958E4C8F30}.Release|Any CPU.ActiveCfg = Release|Any CPU
		{7E979268-9B39-4CE5-A873-0F958E4C8F30}.Release|Any CPU.Build.0 = Release|Any CPU
		{3D9AA006-225D-4189-8EE1-C0D0E5889745}.Debug|Any CPU.ActiveCfg = Debug|Any CPU
		{3D9AA006-225D-4189-8EE1-C0D0E5889745}.Debug|Any CPU.Build.0 = Debug|Any CPU
		{3D9AA006-225D-4189-8EE1-C0D0E5889745}.Release|Any CPU.ActiveCfg = Release|Any CPU
		{3D9AA006-225D-4189-8EE1-C0D0E5889745}.Release|Any CPU.Build.0 = Release|Any CPU
	EndGlobalSection
	GlobalSection(SolutionProperties) = preSolution
		HideSolutionNode = FALSE
	EndGlobalSection
	GlobalSection(ExtensibilityGlobals) = postSolution
		SolutionGuid = {AD1B5534-93EF-469D-B364-D125589128B5}
	EndGlobalSection
EndGlobal
